
Microsoft Visual Studio Solution File, Format Version 12.00
# Visual Studio 15
Project("{FAE04EC0-301F-11D3-BF4B-00C04F79EFBC}") = "GetDisplayUserInfo", "GetDisplayUserInfo.csproj", "{7EE0A772-1372-4C18-8C25-430AB5C0C439}"
EndProject
Global
	GlobalSection(SolutionConfigurationPlatforms) = preSolution
		Debug|Any CPU = Debug|Any CPU
		Release|Any CPU = Release|Any CPU
	EndGlobalSection
	GlobalSection(ProjectConfigurationPlatforms) = postSolution
		{7EE0A772-1372-4C18-8C25-430AB5C0C439}.Debug|Any CPU.ActiveCfg = Debug|Any CPU
		{7EE0A772-1372-4C18-8C25-430AB5C0C439}.Debug|Any CPU.Build.0 = Debug|Any CPU
		{7EE0A772-1372-4C18-8C25-430AB5C0C439}.Release|Any CPU.ActiveCfg = Release|Any CPU
		{7EE0A772-1372-4C18-8C25-430AB5C0C439}.Release|Any CPU.Build.0 = Release|Any CPU
	EndGlobalSection
EndGlobal
